
Microsoft Visual Studio Solution File, Format Version 12.00
# Visual Studio Version 17
VisualStudioVersion = 17.2.32616.157
MinimumVisualStudioVersion = 10.0.40219.1
Project("{FAE04EC0-301F-11D3-BF4B-00C04F79EFBC}") = "bank_account", "bank_account\bank_account.csproj", "{31A844A7-C6BB-4DEE-94D3-848B0A22A099}"
EndProject
Global
	GlobalSection(SolutionConfigurationPlatforms) = preSolution
		Debug|Any CPU = Debug|Any CPU
		Release|Any CPU = Release|Any CPU
	EndGlobalSection
	GlobalSection(ProjectConfigurationPlatforms) = postSolution
		{31A844A7-C6BB-4DEE-94D3-848B0A22A099}.Debug|Any CPU.ActiveCfg = Debug|Any CPU
		{31A844A7-C6BB-4DEE-94D3-848B0A22A099}.Debug|Any CPU.Build.0 = Debug|Any CPU
		{31A844A7-C6BB-4DEE-94D3-848B0A22A099}.Release|Any CPU.ActiveCfg = Release|Any CPU
		{31A844A7-C6BB-4DEE-94D3-848B0A22A099}.Release|Any CPU.Build.0 = Release|Any CPU
	EndGlobalSection
	GlobalSection(SolutionProperties) = preSolution
		HideSolutionNode = FALSE
	EndGlobalSection
	GlobalSection(ExtensibilityGlobals) = postSolution
		SolutionGuid = {A79EE1C7-2590-4509-AC41-36014168B59E}
	EndGlobalSection
EndGlobal
